
Microsoft Visual Studio Solution File, Format Version 12.00
# Visual Studio Version 16
VisualStudioVersion = 16.0.30907.101
MinimumVisualStudioVersion = 10.0.40219.1
Project("{FAE04EC0-301F-11D3-BF4B-00C04F79EFBC}") = "LoginwithDB", "LoginwithDB.csproj", "{C2818618-5393-47EF-BC72-E7C272E91076}"
EndProject
Global
	GlobalSection(SolutionConfigurationPlatforms) = preSolution
		Debug|Any CPU = Debug|Any CPU
		Release|Any CPU = Release|Any CPU
	EndGlobalSection
	GlobalSection(ProjectConfigurationPlatforms) = postSolution
		{C2818618-5393-47EF-BC72-E7C272E91076}.Debug|Any CPU.ActiveCfg = Debug|Any CPU
		{C2818618-5393-47EF-BC72-E7C272E91076}.Debug|Any CPU.Build.0 = Debug|Any CPU
		{C2818618-5393-47EF-BC72-E7C272E91076}.Release|Any CPU.ActiveCfg = Release|Any CPU
		{C2818618-5393-47EF-BC72-E7C272E91076}.Release|Any CPU.Build.0 = Release|Any CPU
	EndGlobalSection
	GlobalSection(SolutionProperties) = preSolution
		HideSolutionNode = FALSE
	EndGlobalSection
	GlobalSection(ExtensibilityGlobals) = postSolution
		SolutionGuid = {606E3B36-04B1-444F-993D-0AFB5D1E3B43}
	EndGlobalSection
EndGlobal
